
Microsoft Visual Studio Solution File, Format Version 12.00
# Visual Studio Version 16
VisualStudioVersion = 16.0.30406.217
MinimumVisualStudioVersion = 10.0.40219.1
Project("{FAE04EC0-301F-11D3-BF4B-00C04F79EFBC}") = "FigureArea", "FigureArea\FigureArea.csproj", "{4A31FF1C-4724-43F5-B9CB-7945E29162CD}"
EndProject
Project("{FAE04EC0-301F-11D3-BF4B-00C04F79EFBC}") = "UnitTestArea", "UnitTestArea\UnitTestArea.csproj", "{D5D21569-DA38-4007-94E7-AB598C9B9A0D}"
EndProject
Global
	GlobalSection(SolutionConfigurationPlatforms) = preSolution
		Debug|Any CPU = Debug|Any CPU
		Release|Any CPU = Release|Any CPU
	EndGlobalSection
	GlobalSection(ProjectConfigurationPlatforms) = postSolution
		{4A31FF1C-4724-43F5-B9CB-7945E29162CD}.Debug|Any CPU.ActiveCfg = Debug|Any CPU
		{4A31FF1C-4724-43F5-B9CB-7945E29162CD}.Debug|Any CPU.Build.0 = Debug|Any CPU
		{4A31FF1C-4724-43F5-B9CB-7945E29162CD}.Release|Any CPU.ActiveCfg = Release|Any CPU
		{4A31FF1C-4724-43F5-B9CB-7945E29162CD}.Release|Any CPU.Build.0 = Release|Any CPU
		{D5D21569-DA38-4007-94E7-AB598C9B9A0D}.Debug|Any CPU.ActiveCfg = Debug|Any CPU
		{D5D21569-DA38-4007-94E7-AB598C9B9A0D}.Debug|Any CPU.Build.0 = Debug|Any CPU
		{D5D21569-DA38-4007-94E7-AB598C9B9A0D}.Release|Any CPU.ActiveCfg = Release|Any CPU
		{D5D21569-DA38-4007-94E7-AB598C9B9A0D}.Release|Any CPU.Build.0 = Release|Any CPU
	EndGlobalSection
	GlobalSection(SolutionProperties) = preSolution
		HideSolutionNode = FALSE
	EndGlobalSection
	GlobalSection(ExtensibilityGlobals) = postSolution
		SolutionGuid = {1155AFC0-3E80-4173-9457-F6560A80BEB9}
	EndGlobalSection
EndGlobal
